
Microsoft Visual Studio Solution File, Format Version 12.00
# Visual Studio 14
VisualStudioVersion = 14.0.25420.1
MinimumVisualStudioVersion = 10.0.40219.1
Project("{8BC9CEB8-8B4A-11D0-8D11-00A0C91BC942}") = "Task1", "Task1\Task1.vcxproj", "{70037372-60DC-4ECF-8244-B65F2FA49A14}"
EndProject
Project("{8BC9CEB8-8B4A-11D0-8D11-00A0C91BC942}") = "Task2", "Task2\Task2.vcxproj", "{494F14F7-44EC-43D2-99D0-A5ABD8919183}"
EndProject
Project("{8BC9CEB8-8B4A-11D0-8D11-00A0C91BC942}") = "Task3", "Task3\Task3.vcxproj", "{958E75D6-6BB5-485C-888A-8130B9AA166F}"
EndProject
Project("{8BC9CEB8-8B4A-11D0-8D11-00A0C91BC942}") = "Task4", "Task4\Task4.vcxproj", "{94978A40-F4BC-4B10-A999-3AD1F3ADBCD9}"
EndProject
Project("{8BC9CEB8-8B4A-11D0-8D11-00A0C91BC942}") = "Task5", "Task5\Task5.vcxproj", "{9915F973-3A10-42AD-A0FA-5D8125162BE4}"
EndProject
Project("{8BC9CEB8-8B4A-11D0-8D11-00A0C91BC942}") = "Task6", "Task6\Task6.vcxproj", "{9AD73958-77B3-4B84-BAD8-F4CFD8791CBB}"
EndProject
Project("{8BC9CEB8-8B4A-11D0-8D11-00A0C91BC942}") = "Task7", "Task7\Task7.vcxproj", "{036BADE7-6FBF-4268-A182-34DFF264FC8E}"
EndProject
Project("{8BC9CEB8-8B4A-11D0-8D11-00A0C91BC942}") = "Task8", "Task8\Task8.vcxproj", "{5DCBE1AF-7AC3-4E2A-AD4E-6A8E26FE8BB0}"
EndProject
Project("{8BC9CEB8-8B4A-11D0-8D11-00A0C91BC942}") = "Task9", "Task9\Task9.vcxproj", "{2EEE509B-830E-47D4-BB13-22A264785D36}"
EndProject
Global
	GlobalSection(SolutionConfigurationPlatforms) = preSolution
		Debug|x64 = Debug|x64
		Debug|x86 = Debug|x86
		Release|x64 = Release|x64
		Release|x86 = Release|x86
	EndGlobalSection
	GlobalSection(ProjectConfigurationPlatforms) = postSolution
		{70037372-60DC-4ECF-8244-B65F2FA49A14}.Debug|x64.ActiveCfg = Debug|x64
		{70037372-60DC-4ECF-8244-B65F2FA49A14}.Debug|x64.Build.0 = Debug|x64
		{70037372-60DC-4ECF-8244-B65F2FA49A14}.Debug|x86.ActiveCfg = Debug|Win32
		{70037372-60DC-4ECF-8244-B65F2FA49A14}.Debug|x86.Build.0 = Debug|Win32
		{70037372-60DC-4ECF-8244-B65F2FA49A14}.Release|x64.ActiveCfg = Release|x64
		{70037372-60DC-4ECF-8244-B65F2FA49A14}.Release|x64.Build.0 = Release|x64
		{70037372-60DC-4ECF-8244-B65F2FA49A14}.Release|x86.ActiveCfg = Release|Win32
		{70037372-60DC-4ECF-8244-B65F2FA49A14}.Release|x86.Build.0 = Release|Win32
		{494F14F7-44EC-43D2-99D0-A5ABD8919183}.Debug|x64.ActiveCfg = Debug|x64
		{494F14F7-44EC-43D2-99D0-A5ABD8919183}.Debug|x64.Build.0 = Debug|x64
		{494F14F7-44EC-43D2-99D0-A5ABD8919183}.Debug|x86.ActiveCfg = Debug|Win32
		{494F14F7-44EC-43D2-99D0-A5ABD8919183}.Debug|x86.Build.0 = Debug|Win32
		{494F14F7-44EC-43D2-99D0-A5ABD8919183}.Release|x64.ActiveCfg = Release|x64
		{494F14F7-44EC-43D2-99D0-A5ABD8919183}.Release|x64.Build.0 = Release|x64
		{494F14F7-44EC-43D2-99D0-A5ABD8919183}.Release|x86.ActiveCfg = Release|Win32
		{494F14F7-44EC-43D2-99D0-A5ABD8919183}.Release|x86.Build.0 = Release|Win32
		{958E75D6-6BB5-485C-888A-8130B9AA166F}.Debug|x64.ActiveCfg = Debug|x64
		{958E75D6-6BB5-485C-888A-8130B9AA166F}.Debug|x64.Build.0 = Debug|x64
		{958E75D6-6BB5-485C-888A-8130B9AA166F}.Debug|x86.ActiveCfg = Debug|Win32
		{958E75D6-6BB5-485C-888A-8130B9AA166F}.Debug|x86.Build.0 = Debug|Win32
		{958E75D6-6BB5-485C-888A-8130B9AA166F}.Release|x64.ActiveCfg = Release|x64
		{958E75D6-6BB5-485C-888A-8130B9AA166F}.Release|x64.Build.0 = Release|x64
		{958E75D6-6BB5-485C-888A-8130B9AA166F}.Release|x86.ActiveCfg = Release|Win32
		{958E75D6-6BB5-485C-888A-8130B9AA166F}.Release|x86.Build.0 = Release|Win32
		{94978A40-F4BC-4B10-A999-3AD1F3ADBCD9}.Debug|x64.ActiveCfg = Debug|x64
		{94978A40-F4BC-4B10-A999-3AD1F3ADBCD9}.Debug|x64.Build.0 = Debug|x64
		{94978A40-F4BC-4B10-A999-3AD1F3ADBCD9}.Debug|x86.ActiveCfg = Debug|Win32
		{94978A40-F4BC-4B10-A999-3AD1F3ADBCD9}.Debug|x86.Build.0 = Debug|Win32
		{94978A40-F4BC-4B10-A999-3AD1F3ADBCD9}.Release|x64.ActiveCfg = Release|x64
		{94978A40-F4BC-4B10-A999-3AD1F3ADBCD9}.Release|x64.Build.0 = Release|x64
		{94978A40-F4BC-4B10-A999-3AD1F3ADBCD9}.Release|x86.ActiveCfg = Release|Win32
		{94978A40-F4BC-4B10-A999-3AD1F3ADBCD9}.Release|x86.Build.0 = Release|Win32
		{9915F973-3A10-42AD-A0FA-5D8125162BE4}.Debug|x64.ActiveCfg = Debug|x64
		{9915F973-3A10-42AD-A0FA-5D8125162BE4}.Debug|x64.Build.0 = Debug|x64
		{9915F973-3A10-42AD-A0FA-5D8125162BE4}.Debug|x86.ActiveCfg = Debug|Win32
		{9915F973-3A10-42AD-A0FA-5D8125162BE4}.Debug|x86.Build.0 = Debug|Win32
		{9915F973-3A10-42AD-A0FA-5D8125162BE4}.Release|x64.ActiveCfg = Release|x64
		{9915F973-3A10-42AD-A0FA-5D8125162BE4}.Release|x64.Build.0 = Release|x64
		{9915F973-3A10-42AD-A0FA-5D8125162BE4}.Release|x86.ActiveCfg = Release|Win32
		{9915F973-3A10-42AD-A0FA-5D8125162BE4}.Release|x86.Build.0 = Release|Win32
		{9AD73958-77B3-4B84-BAD8-F4CFD8791CBB}.Debug|x64.ActiveCfg = Debug|x64
		{9AD73958-77B3-4B84-BAD8-F4CFD8791CBB}.Debug|x64.Build.0 = Debug|x64
		{9AD73958-77B3-4B84-BAD8-F4CFD8791CBB}.Debug|x86.ActiveCfg = Debug|Win32
		{9AD73958-77B3-4B84-BAD8-F4CFD8791CBB}.Debug|x86.Build.0 = Debug|Win32
		{9AD73958-77B3-4B84-BAD8-F4CFD8791CBB}.Release|x64.ActiveCfg = Release|x64
		{9AD73958-77B3-4B84-BAD8-F4CFD8791CBB}.Release|x64.Build.0 = Release|x64
		{9AD73958-77B3-4B84-BAD8-F4CFD8791CBB}.Release|x86.ActiveCfg = Release|Win32
		{9AD73958-77B3-4B84-BAD8-F4CFD8791CBB}.Release|x86.Build.0 = Release|Win32
		{036BADE7-6FBF-4268-A182-34DFF264FC8E}.Debug|x64.ActiveCfg = Debug|x64
		{036BADE7-6FBF-4268-A182-34DFF264FC8E}.Debug|x64.Build.0 = Debug|x64
		{036BADE7-6FBF-4268-A182-34DFF264FC8E}.Debug|x86.ActiveCfg = Debug|Win32
		{036BADE7-6FBF-4268-A182-34DFF264FC8E}.Debug|x86.Build.0 = Debug|Win32
		{036BADE7-6FBF-4268-A182-34DFF264FC8E}.Release|x64.ActiveCfg = Release|x64
		{036BADE7-6FBF-4268-A182-34DFF264FC8E}.Release|x64.Build.0 = Release|x64
		{036BADE7-6FBF-4268-A182-34DFF264FC8E}.Release|x86.ActiveCfg = Release|Win32
		{036BADE7-6FBF-4268-A182-34DFF264FC8E}.Release|x86.Build.0 = Release|Win32
		{5DCBE1AF-7AC3-4E2A-AD4E-6A8E26FE8BB0}.Debug|x64.ActiveCfg = Debug|x64
		{5DCBE1AF-7AC3-4E2A-AD4E-6A8E26FE8BB0}.Debug|x64.Build.0 = Debug|x64
		{5DCBE1AF-7AC3-4E2A-AD4E-6A8E26FE8BB0}.Debug|x86.ActiveCfg = Debug|Win32
		{5DCBE1AF-7AC3-4E2A-AD4E-6A8E26FE8BB0}.Debug|x86.Build.0 = Debug|Win32
		{5DCBE1AF-7AC3-4E2A-AD4E-6A8E26FE8BB0}.Release|x64.ActiveCfg = Release|x64
		{5DCBE1AF-7AC3-4E2A-AD4E-6A8E26FE8BB0}.Release|x64.Build.0 = Release|x64
		{5DCBE1AF-7AC3-4E2A-AD4E-6A8E26FE8BB0}.Release|x86.ActiveCfg = Release|Win32
		{5DCBE1AF-7AC3-4E2A-AD4E-6A8E26FE8BB0}.Release|x86.Build.0 = Release|Win32
		{2EEE509B-830E-47D4-BB13-22A264785D36}.Debug|x64.ActiveCfg = Debug|x64
		{2EEE509B-830E-47D4-BB13-22A264785D36}.Debug|x64.Build.0 = Debug|x64
		{2EEE509B-830E-47D4-BB13-22A264785D36}.Debug|x86.ActiveCfg = Debug|Win32
		{2EEE509B-830E-47D4-BB13-22A264785D36}.Debug|x86.Build.0 = Debug|Win32
		{2EEE509B-830E-47D4-BB13-22A264785D36}.Release|x64.ActiveCfg = Release|x64
		{2EEE509B-830E-47D4-BB13-22A264785D36}.Release|x64.Build.0 = Release|x64
		{2EEE509B-830E-47D4-BB13-22A264785D36}.Release|x86.ActiveCfg = Release|Win32
		{2EEE509B-830E-47D4-BB13-22A264785D36}.Release|x86.Build.0 = Release|Win32
	EndGlobalSection
	GlobalSection(SolutionProperties) = preSolution
		HideSolutionNode = FALSE
	EndGlobalSection
EndGlobal
